
Microsoft Visual Studio Solution File, Format Version 12.00
# Visual Studio Version 16
VisualStudioVersion = 16.0.29318.209
MinimumVisualStudioVersion = 10.0.40219.1
Project("{9A19103F-16F7-4668-BE54-9A1E7A4F7556}") = "Podcast", "Podcast.csproj", "{61C0D8AE-06FC-4AA2-9059-40E7C2BDEC31}"
EndProject
Project("{FAE04EC0-301F-11D3-BF4B-00C04F79EFBC}") = "PodcastDAL", "..\PodcastDAL\PodcastDAL.csproj", "{89504E60-6A82-4030-B80B-B20AAC7CD57E}"
EndProject
Global
	GlobalSection(SolutionConfigurationPlatforms) = preSolution
		Debug|Any CPU = Debug|Any CPU
		Release|Any CPU = Release|Any CPU
	EndGlobalSection
	GlobalSection(ProjectConfigurationPlatforms) = postSolution
		{61C0D8AE-06FC-4AA2-9059-40E7C2BDEC31}.Debug|Any CPU.ActiveCfg = Debug|Any CPU
		{61C0D8AE-06FC-4AA2-9059-40E7C2BDEC31}.Debug|Any CPU.Build.0 = Debug|Any CPU
		{61C0D8AE-06FC-4AA2-9059-40E7C2BDEC31}.Release|Any CPU.ActiveCfg = Release|Any CPU
		{61C0D8AE-06FC-4AA2-9059-40E7C2BDEC31}.Release|Any CPU.Build.0 = Release|Any CPU
		{89504E60-6A82-4030-B80B-B20AAC7CD57E}.Debug|Any CPU.ActiveCfg = Debug|Any CPU
		{89504E60-6A82-4030-B80B-B20AAC7CD57E}.Debug|Any CPU.Build.0 = Debug|Any CPU
		{89504E60-6A82-4030-B80B-B20AAC7CD57E}.Release|Any CPU.ActiveCfg = Release|Any CPU
		{89504E60-6A82-4030-B80B-B20AAC7CD57E}.Release|Any CPU.Build.0 = Release|Any CPU
	EndGlobalSection
	GlobalSection(SolutionProperties) = preSolution
		HideSolutionNode = FALSE
	EndGlobalSection
	GlobalSection(ExtensibilityGlobals) = postSolution
		SolutionGuid = {00FF7629-331D-4237-B7C4-5F7734111E61}
	EndGlobalSection
EndGlobal
